
Microsoft Visual Studio Solution File, Format Version 12.00
# Visual Studio Version 17
VisualStudioVersion = 17.9.34622.214
MinimumVisualStudioVersion = 10.0.40219.1
Project("{FAE04EC0-301F-11D3-BF4B-00C04F79EFBC}") = "NewHotel", "NewHotel\NewHotel.csproj", "{ED0FF40F-A607-4C99-8D41-99BC9247B6E7}"
EndProject
Global
	GlobalSection(SolutionConfigurationPlatforms) = preSolution
		Debug|Any CPU = Debug|Any CPU
		Release|Any CPU = Release|Any CPU
	EndGlobalSection
	GlobalSection(ProjectConfigurationPlatforms) = postSolution
		{ED0FF40F-A607-4C99-8D41-99BC9247B6E7}.Debug|Any CPU.ActiveCfg = Debug|Any CPU
		{ED0FF40F-A607-4C99-8D41-99BC9247B6E7}.Debug|Any CPU.Build.0 = Debug|Any CPU
		{ED0FF40F-A607-4C99-8D41-99BC9247B6E7}.Release|Any CPU.ActiveCfg = Release|Any CPU
		{ED0FF40F-A607-4C99-8D41-99BC9247B6E7}.Release|Any CPU.Build.0 = Release|Any CPU
	EndGlobalSection
	GlobalSection(SolutionProperties) = preSolution
		HideSolutionNode = FALSE
	EndGlobalSection
	GlobalSection(ExtensibilityGlobals) = postSolution
		SolutionGuid = {67949443-83A2-4612-B669-EFCF38230C8B}
	EndGlobalSection
EndGlobal
